{
  "name": "app7",
  "version": "1.0.0",
  "lockfileVersion": 3,
  "requires": true,
  "packages": {
    "": {
      "name": "app7",
      "version": "1.0.0",
      "dependencies": {
        "fips-crypto": "^0.6.0"
      }
    },
    "node_modules/fips-crypto": {
      "version": "0.6.0",
      "resolved": "https://registry.npmjs.org/fips-crypto/-/fips-crypto-0.6.0.tgz",
      "integrity": "sha512-oey5GuCMOG2nkiD5cxQEN5JkKL+M38OxFoE+vC/1clrsZbpZeXcP9h7PppLJAp+XWxP4KICIP7JPc2nbnfBlgA==",
      "license": "MIT",
      "bin": {
        "fips-crypto-verify-integrity": "dist/verify-integrity.cjs"
      },
      "engines": {
        "node": ">=18.0.0"
      }
    }
  }
}
