{
  "name": "app7",
  "version": "1.0.0",
  "lockfileVersion": 3,
  "requires": true,
  "packages": {
    "": {
      "name": "app7",
      "version": "1.0.0",
      "dependencies": {
        "fips-crypto": "^0.2.2"
      }
    },
    "node_modules/fips-crypto": {
      "version": "0.2.2",
      "resolved": "https://registry.npmjs.org/fips-crypto/-/fips-crypto-0.2.2.tgz",
      "integrity": "sha512-8OG9HZLlHx1+siRsCILHWQ3K0fzq30kDlbtHOVomWLPwJc6XFJsZg3jsjbG01s9yczOn2ZoFs4KAf05BG59Y1w==",
      "license": "GPL-3.0",
      "engines": {
        "node": ">=18.0.0"
      }
    }
  }
}
